// !$*UTF8*$!
{
	archiveVersion = 1;
	classes = {
	};
	objectVersion = 46;
	objects = {

/* Begin PBXBuildFile section */
		881926101D3BA10400733332 /* pioche.mp3 in Resources */ = {isa = PBXBuildFile; fileRef = 8819260F1D3BA10400733332 /* pioche.mp3 */; };
		881926131D3BD0C000733332 /* cristal_Doree.sks in Resources */ = {isa = PBXBuildFile; fileRef = 881926111D3BD0C000733332 /* cristal_Doree.sks */; };
		881926171D3BD3D800733332 /* cristal_Bleu.sks in Resources */ = {isa = PBXBuildFile; fileRef = 881926151D3BD3D800733332 /* cristal_Bleu.sks */; };
		8819261B1D3BE4A600733332 /* Battle_Lose.mp3 in Resources */ = {isa = PBXBuildFile; fileRef = 881926191D3BE4A600733332 /* Battle_Lose.mp3 */; };
		8819261C1D3BE4A600733332 /* Battle_Win.mp3 in Resources */ = {isa = PBXBuildFile; fileRef = 8819261A1D3BE4A600733332 /* Battle_Win.mp3 */; };
		88E54D6F1D3921B0007443E7 /* AppDelegate.swift in Sources */ = {isa = PBXBuildFile; fileRef = 88E54D6E1D3921B0007443E7 /* AppDelegate.swift */; };
		88E54D731D3921B0007443E7 /* GameScene.swift in Sources */ = {isa = PBXBuildFile; fileRef = 88E54D721D3921B0007443E7 /* GameScene.swift */; };
		88E54D751D3921B0007443E7 /* GameViewController.swift in Sources */ = {isa = PBXBuildFile; fileRef = 88E54D741D3921B0007443E7 /* GameViewController.swift */; };
		88E54D781D3921B0007443E7 /* Main.storyboard in Resources */ = {isa = PBXBuildFile; fileRef = 88E54D761D3921B0007443E7 /* Main.storyboard */; };
		88E54D7A1D3921B0007443E7 /* Assets.xcassets in Resources */ = {isa = PBXBuildFile; fileRef = 88E54D791D3921B0007443E7 /* Assets.xcassets */; };
		88E54D7D1D3921B0007443E7 /* LaunchScreen.storyboard in Resources */ = {isa = PBXBuildFile; fileRef = 88E54D7B1D3921B0007443E7 /* LaunchScreen.storyboard */; };
		88E54D851D39224B007443E7 /* textures.swift in Sources */ = {isa = PBXBuildFile; fileRef = 88E54D841D39224B007443E7 /* textures.swift */; };
		88E54D871D392286007443E7 /* constantes.swift in Sources */ = {isa = PBXBuildFile; fileRef = 88E54D861D392286007443E7 /* constantes.swift */; };
		88E54D891D39229B007443E7 /* structures.swift in Sources */ = {isa = PBXBuildFile; fileRef = 88E54D881D39229B007443E7 /* structures.swift */; };
		88E54D8F1D394707007443E7 /* hero.swift in Sources */ = {isa = PBXBuildFile; fileRef = 88E54D8E1D394707007443E7 /* hero.swift */; };
		88EAA4651D3CF61100911A4D /* ghost_puff.caf in Resources */ = {isa = PBXBuildFile; fileRef = 88EAA4641D3CF61100911A4D /* ghost_puff.caf */; };
		88EEB57F1D3A5E6100709429 /* select.caf in Resources */ = {isa = PBXBuildFile; fileRef = 88E54D8A1D393D6C007443E7 /* select.caf */; };
		88EEB5801D3A5E6800709429 /* select_ok.mp3 in Resources */ = {isa = PBXBuildFile; fileRef = 88E54D8C1D393EC1007443E7 /* select_ok.mp3 */; };
		88EEB5821D3A85EA00709429 /* hero_attack.mp3 in Resources */ = {isa = PBXBuildFile; fileRef = 88EEB5811D3A85EA00709429 /* hero_attack.mp3 */; };
		88EEB5841D3ACE4900709429 /* buildingEx.mp3 in Resources */ = {isa = PBXBuildFile; fileRef = 88EEB5831D3ACE4900709429 /* buildingEx.mp3 */; };
		88EEB5861D3AD36200709429 /* vladBim.mp3 in Resources */ = {isa = PBXBuildFile; fileRef = 88EEB5851D3AD36200709429 /* vladBim.mp3 */; };
		88EEB5881D3AD96D00709429 /* baby blocks.ttf in Resources */ = {isa = PBXBuildFile; fileRef = 88EEB5871D3AD96D00709429 /* baby blocks.ttf */; };
		88EEB58B1D3ADFE300709429 /* segoeprb.ttf in Resources */ = {isa = PBXBuildFile; fileRef = 88EEB5891D3ADFDA00709429 /* segoeprb.ttf */; };
/* End PBXBuildFile section */

/* Begin PBXFileReference section */
		8819260F1D3BA10400733332 /* pioche.mp3 */ = {isa = PBXFileReference; lastKnownFileType = audio.mp3; path = pioche.mp3; sourceTree = "<group>"; };
		881926111D3BD0C000733332 /* cristal_Doree.sks */ = {isa = PBXFileReference; lastKnownFileType = file.sks; name = cristal_Doree.sks; path = "castle royal/cristal_Doree.sks"; sourceTree = "<group>"; };
		881926151D3BD3D800733332 /* cristal_Bleu.sks */ = {isa = PBXFileReference; lastKnownFileType = file.sks; path = cristal_Bleu.sks; sourceTree = "<group>"; };
		881926191D3BE4A600733332 /* Battle_Lose.mp3 */ = {isa = PBXFileReference; lastKnownFileType = audio.mp3; path = Battle_Lose.mp3; sourceTree = "<group>"; };
		8819261A1D3BE4A600733332 /* Battle_Win.mp3 */ = {isa = PBXFileReference; lastKnownFileType = audio.mp3; path = Battle_Win.mp3; sourceTree = "<group>"; };
		88E54D6B1D3921B0007443E7 /* castle royal.app */ = {isa = PBXFileReference; explicitFileType = wrapper.application; includeInIndex = 0; path = "castle royal.app"; sourceTree = BUILT_PRODUCTS_DIR; };
		88E54D6E1D3921B0007443E7 /* AppDelegate.swift */ = {isa = PBXFileReference; lastKnownFileType = sourcecode.swift; path = AppDelegate.swift; sourceTree = "<group>"; };
		88E54D721D3921B0007443E7 /* GameScene.swift */ = {isa = PBXFileReference; lastKnownFileType = sourcecode.swift; path = GameScene.swift; sourceTree = "<group>"; };
		88E54D741D3921B0007443E7 /* GameViewController.swift */ = {isa = PBXFileReference; lastKnownFileType = sourcecode.swift; path = GameViewController.swift; sourceTree = "<group>"; };
		88E54D771D3921B0007443E7 /* Base */ = {isa = PBXFileReference; lastKnownFileType = file.storyboard; name = Base; path = Base.lproj/Main.storyboard; sourceTree = "<group>"; };
		88E54D791D3921B0007443E7 /* Assets.xcassets */ = {isa = PBXFileReference; lastKnownFileType = folder.assetcatalog; path = Assets.xcassets; sourceTree = "<group>"; };
		88E54D7C1D3921B0007443E7 /* Base */ = {isa = PBXFileReference; lastKnownFileType = file.storyboard; name = Base; path = Base.lproj/LaunchScreen.storyboard; sourceTree = "<group>"; };
		88E54D7E1D3921B0007443E7 /* Info.plist */ = {isa = PBXFileReference; lastKnownFileType = text.plist.xml; path = Info.plist; sourceTree = "<group>"; };
		88E54D841D39224B007443E7 /* textures.swift */ = {isa = PBXFileReference; fileEncoding = 4; lastKnownFileType = sourcecode.swift; path = textures.swift; sourceTree = "<group>"; };
		88E54D861D392286007443E7 /* constantes.swift */ = {isa = PBXFileReference; fileEncoding = 4; lastKnownFileType = sourcecode.swift; path = constantes.swift; sourceTree = "<group>"; };
		88E54D881D39229B007443E7 /* structures.swift */ = {isa = PBXFileReference; fileEncoding = 4; lastKnownFileType = sourcecode.swift; path = structures.swift; sourceTree = "<group>"; };
		88E54D8A1D393D6C007443E7 /* select.caf */ = {isa = PBXFileReference; lastKnownFileType = file; path = select.caf; sourceTree = "<group>"; };
		88E54D8C1D393EC1007443E7 /* select_ok.mp3 */ = {isa = PBXFileReference; lastKnownFileType = audio.mp3; path = select_ok.mp3; sourceTree = "<group>"; };
		88E54D8E1D394707007443E7 /* hero.swift */ = {isa = PBXFileReference; fileEncoding = 4; lastKnownFileType = sourcecode.swift; path = hero.swift; sourceTree = "<group>"; };
		88EAA4641D3CF61100911A4D /* ghost_puff.caf */ = {isa = PBXFileReference; lastKnownFileType = file; path = ghost_puff.caf; sourceTree = "<group>"; };
		88EEB5811D3A85EA00709429 /* hero_attack.mp3 */ = {isa = PBXFileReference; lastKnownFileType = audio.mp3; path = hero_attack.mp3; sourceTree = "<group>"; };
		88EEB5831D3ACE4900709429 /* buildingEx.mp3 */ = {isa = PBXFileReference; lastKnownFileType = audio.mp3; path = buildingEx.mp3; sourceTree = "<group>"; };
		88EEB5851D3AD36200709429 /* vladBim.mp3 */ = {isa = PBXFileReference; lastKnownFileType = audio.mp3; path = vladBim.mp3; sourceTree = "<group>"; };
		88EEB5871D3AD96D00709429 /* baby blocks.ttf */ = {isa = PBXFileReference; lastKnownFileType = file; path = "baby blocks.ttf"; sourceTree = "<group>"; };
		88EEB5891D3ADFDA00709429 /* segoeprb.ttf */ = {isa = PBXFileReference; lastKnownFileType = file; path = segoeprb.ttf; sourceTree = "<group>"; };
/* End PBXFileReference section */

/* Begin PBXFrameworksBuildPhase section */
		88E54D681D3921B0007443E7 /* Frameworks */ = {
			isa = PBXFrameworksBuildPhase;
			buildActionMask = 2147483647;
			files = (
			);
			runOnlyForDeploymentPostprocessing = 0;
		};
/* End PBXFrameworksBuildPhase section */

/* Begin PBXGroup section */
		88E54D621D3921B0007443E7 = {
			isa = PBXGroup;
			children = (
				88E54D8A1D393D6C007443E7 /* select.caf */,
				88E54D8C1D393EC1007443E7 /* select_ok.mp3 */,
				88EEB5811D3A85EA00709429 /* hero_attack.mp3 */,
				88EEB5831D3ACE4900709429 /* buildingEx.mp3 */,
				88EEB5851D3AD36200709429 /* vladBim.mp3 */,
				8819260F1D3BA10400733332 /* pioche.mp3 */,
				88EEB5871D3AD96D00709429 /* baby blocks.ttf */,
				88EEB5891D3ADFDA00709429 /* segoeprb.ttf */,
				881926111D3BD0C000733332 /* cristal_Doree.sks */,
				881926151D3BD3D800733332 /* cristal_Bleu.sks */,
				881926191D3BE4A600733332 /* Battle_Lose.mp3 */,
				8819261A1D3BE4A600733332 /* Battle_Win.mp3 */,
				88EAA4641D3CF61100911A4D /* ghost_puff.caf */,
				88E54D6D1D3921B0007443E7 /* castle royal */,
				88E54D6C1D3921B0007443E7 /* Products */,
			);
			sourceTree = "<group>";
		};
		88E54D6C1D3921B0007443E7 /* Products */ = {
			isa = PBXGroup;
			children = (
				88E54D6B1D3921B0007443E7 /* castle royal.app */,
			);
			name = Products;
			sourceTree = "<group>";
		};
		88E54D6D1D3921B0007443E7 /* castle royal */ = {
			isa = PBXGroup;
			children = (
				88E54D6E1D3921B0007443E7 /* AppDelegate.swift */,
				88E54D721D3921B0007443E7 /* GameScene.swift */,
				88E54D841D39224B007443E7 /* textures.swift */,
				88E54D861D392286007443E7 /* constantes.swift */,
				88E54D881D39229B007443E7 /* structures.swift */,
				88E54D8E1D394707007443E7 /* hero.swift */,
				88E54D741D3921B0007443E7 /* GameViewController.swift */,
				88E54D761D3921B0007443E7 /* Main.storyboard */,
				88E54D791D3921B0007443E7 /* Assets.xcassets */,
				88E54D7B1D3921B0007443E7 /* LaunchScreen.storyboard */,
				88E54D7E1D3921B0007443E7 /* Info.plist */,
			);
			path = "castle royal";
			sourceTree = "<group>";
		};
/* End PBXGroup section */

/* Begin PBXNativeTarget section */
		88E54D6A1D3921B0007443E7 /* castle royal */ = {
			isa = PBXNativeTarget;
			buildConfigurationList = 88E54D811D3921B0007443E7 /* Build configuration list for PBXNativeTarget "castle royal" */;
			buildPhases = (
				88E54D671D3921B0007443E7 /* Sources */,
				88E54D681D3921B0007443E7 /* Frameworks */,
				88E54D691D3921B0007443E7 /* Resources */,
			);
			buildRules = (
			);
			dependencies = (
			);
			name = "castle royal";
			productName = "castle royal";
			productReference = 88E54D6B1D3921B0007443E7 /* castle royal.app */;
			productType = "com.apple.product-type.application";
		};
/* End PBXNativeTarget section */

/* Begin PBXProject section */
		88E54D631D3921B0007443E7 /* Project object */ = {
			isa = PBXProject;
			attributes = {
				LastSwiftUpdateCheck = 0730;
				LastUpgradeCheck = 0730;
				ORGANIZATIONNAME = "Antoine FeuFeu";
				TargetAttributes = {
					88E54D6A1D3921B0007443E7 = {
						CreatedOnToolsVersion = 7.3.1;
						DevelopmentTeam = 76BYA9T7S3;
					};
				};
			};
			buildConfigurationList = 88E54D661D3921B0007443E7 /* Build configuration list for PBXProject "castle royal" */;
			compatibilityVersion = "Xcode 3.2";
			developmentRegion = English;
			hasScannedForEncodings = 0;
			knownRegions = (
				en,
				Base,
			);
			mainGroup = 88E54D621D3921B0007443E7;
			productRefGroup = 88E54D6C1D3921B0007443E7 /* Products */;
			projectDirPath = "";
			projectRoot = "";
			targets = (
				88E54D6A1D3921B0007443E7 /* castle royal */,
			);
		};
/* End PBXProject section */

/* Begin PBXResourcesBuildPhase section */
		88E54D691D3921B0007443E7 /* Resources */ = {
			isa = PBXResourcesBuildPhase;
			buildActionMask = 2147483647;
			files = (
				88EEB5841D3ACE4900709429 /* buildingEx.mp3 in Resources */,
				88E54D7D1D3921B0007443E7 /* LaunchScreen.storyboard in Resources */,
				88EEB5821D3A85EA00709429 /* hero_attack.mp3 in Resources */,
				88E54D7A1D3921B0007443E7 /* Assets.xcassets in Resources */,
				881926171D3BD3D800733332 /* cristal_Bleu.sks in Resources */,
				8819261B1D3BE4A600733332 /* Battle_Lose.mp3 in Resources */,
				88EEB5881D3AD96D00709429 /* baby blocks.ttf in Resources */,
				881926101D3BA10400733332 /* pioche.mp3 in Resources */,
				88E54D781D3921B0007443E7 /* Main.storyboard in Resources */,
				88EEB57F1D3A5E6100709429 /* select.caf in Resources */,
				8819261C1D3BE4A600733332 /* Battle_Win.mp3 in Resources */,
				88EAA4651D3CF61100911A4D /* ghost_puff.caf in Resources */,
				881926131D3BD0C000733332 /* cristal_Doree.sks in Resources */,
				88EEB58B1D3ADFE300709429 /* segoeprb.ttf in Resources */,
				88EEB5861D3AD36200709429 /* vladBim.mp3 in Resources */,
				88EEB5801D3A5E6800709429 /* select_ok.mp3 in Resources */,
			);
			runOnlyForDeploymentPostprocessing = 0;
		};
/* End PBXResourcesBuildPhase section */

/* Begin PBXSourcesBuildPhase section */
		88E54D671D3921B0007443E7 /* Sources */ = {
			isa = PBXSourcesBuildPhase;
			buildActionMask = 2147483647;
			files = (
				88E54D8F1D394707007443E7 /* hero.swift in Sources */,
				88E54D731D3921B0007443E7 /* GameScene.swift in Sources */,
				88E54D871D392286007443E7 /* constantes.swift in Sources */,
				88E54D851D39224B007443E7 /* textures.swift in Sources */,
				88E54D751D3921B0007443E7 /* GameViewController.swift in Sources */,
				88E54D6F1D3921B0007443E7 /* AppDelegate.swift in Sources */,
				88E54D891D39229B007443E7 /* structures.swift in Sources */,
			);
			runOnlyForDeploymentPostprocessing = 0;
		};
/* End PBXSourcesBuildPhase section */

/* Begin PBXVariantGroup section */
		88E54D761D3921B0007443E7 /* Main.storyboard */ = {
			isa = PBXVariantGroup;
			children = (
				88E54D771D3921B0007443E7 /* Base */,
			);
			name = Main.storyboard;
			sourceTree = "<group>";
		};
		88E54D7B1D3921B0007443E7 /* LaunchScreen.storyboard */ = {
			isa = PBXVariantGroup;
			children = (
				88E54D7C1D3921B0007443E7 /* Base */,
			);
			name = LaunchScreen.storyboard;
			sourceTree = "<group>";
		};
/* End PBXVariantGroup section */

/* Begin XCBuildConfiguration section */
		88E54D7F1D3921B0007443E7 /* Debug */ = {
			isa = XCBuildConfiguration;
			buildSettings = {
				ALWAYS_SEARCH_USER_PATHS = NO;
				CLANG_ANALYZER_NONNULL = YES;
				CLANG_CXX_LANGUAGE_STANDARD = "gnu++0x";
				CLANG_CXX_LIBRARY = "libc++";
				CLANG_ENABLE_MODULES = YES;
				CLANG_ENABLE_OBJC_ARC = YES;
				CLANG_WARN_BOOL_CONVERSION = YES;
				CLANG_WARN_CONSTANT_CONVERSION = YES;
				CLANG_WARN_DIRECT_OBJC_ISA_USAGE = YES_ERROR;
				CLANG_WARN_EMPTY_BODY = YES;
				CLANG_WARN_ENUM_CONVERSION = YES;
				CLANG_WARN_INT_CONVERSION = YES;
				CLANG_WARN_OBJC_ROOT_CLASS = YES_ERROR;
				CLANG_WARN_UNREACHABLE_CODE = YES;
				CLANG_WARN__DUPLICATE_METHOD_MATCH = YES;
				"CODE_SIGN_IDENTITY[sdk=iphoneos*]" = "iPhone Developer";
				COPY_PHASE_STRIP = NO;
				DEBUG_INFORMATION_FORMAT = "dwarf-with-dsym";
				ENABLE_STRICT_OBJC_MSGSEND = YES;
				ENABLE_TESTABILITY = YES;
				GCC_C_LANGUAGE_STANDARD = gnu99;
				GCC_DYNAMIC_NO_PIC = NO;
				GCC_NO_COMMON_BLOCKS = YES;
				GCC_OPTIMIZATION_LEVEL = 0;
				GCC_PREPROCESSOR_DEFINITIONS = (
					"DEBUG=1",
					"$(inherited)",
				);
				GCC_WARN_64_TO_32_BIT_CONVERSION = YES;
				GCC_WARN_ABOUT_RETURN_TYPE = YES_ERROR;
				GCC_WARN_UNDECLARED_SELECTOR = YES;
				GCC_WARN_UNINITIALIZED_AUTOS = YES_AGGRESSIVE;
				GCC_WARN_UNUSED_FUNCTION = YES;
				GCC_WARN_UNUSED_VARIABLE = YES;
				IPHONEOS_DEPLOYMENT_TARGET = 9.3;
				MTL_ENABLE_DEBUG_INFO = YES;
				ONLY_ACTIVE_ARCH = YES;
				SDKROOT = iphoneos;
				SWIFT_OPTIMIZATION_LEVEL = "-Onone";
			};
			name = Debug;
		};
		88E54D801D3921B0007443E7 /* Release */ = {
			isa = XCBuildConfiguration;
			buildSettings = {
				ALWAYS_SEARCH_USER_PATHS = NO;
				CLANG_ANALYZER_NONNULL = YES;
				CLANG_CXX_LANGUAGE_STANDARD = "gnu++0x";
				CLANG_CXX_LIBRARY = "libc++";
				CLANG_ENABLE_MODULES = YES;
				CLANG_ENABLE_OBJC_ARC = YES;
				CLANG_WARN_BOOL_CONVERSION = YES;
				CLANG_WARN_CONSTANT_CONVERSION = YES;
				CLANG_WARN_DIRECT_OBJC_ISA_USAGE = YES_ERROR;
				CLANG_WARN_EMPTY_BODY = YES;
				CLANG_WARN_ENUM_CONVERSION = YES;
				CLANG_WARN_INT_CONVERSION = YES;
				CLANG_WARN_OBJC_ROOT_CLASS = YES_ERROR;
				CLANG_WARN_UNREACHABLE_CODE = YES;
				CLANG_WARN__DUPLICATE_METHOD_MATCH = YES;
				"CODE_SIGN_IDENTITY[sdk=iphoneos*]" = "iPhone Developer";
				COPY_PHASE_STRIP = NO;
				DEBUG_INFORMATION_FORMAT = "dwarf-with-dsym";
				ENABLE_NS_ASSERTIONS = NO;
				ENABLE_STRICT_OBJC_MSGSEND = YES;
				GCC_C_LANGUAGE_STANDARD = gnu99;
				GCC_NO_COMMON_BLOCKS = YES;
				GCC_WARN_64_TO_32_BIT_CONVERSION = YES;
				GCC_WARN_ABOUT_RETURN_TYPE = YES_ERROR;
				GCC_WARN_UNDECLARED_SELECTOR = YES;
				GCC_WARN_UNINITIALIZED_AUTOS = YES_AGGRESSIVE;
				GCC_WARN_UNUSED_FUNCTION = YES;
				GCC_WARN_UNUSED_VARIABLE = YES;
				IPHONEOS_DEPLOYMENT_TARGET = 9.3;
				MTL_ENABLE_DEBUG_INFO = NO;
				SDKROOT = iphoneos;
				VALIDATE_PRODUCT = YES;
			};
			name = Release;
		};
		88E54D821D3921B0007443E7 /* Debug */ = {
			isa = XCBuildConfiguration;
			buildSettings = {
				ASSETCATALOG_COMPILER_APPICON_NAME = AppIcon;
				CODE_SIGN_IDENTITY = "iPhone Developer";
				"CODE_SIGN_IDENTITY[sdk=iphoneos*]" = "iPhone Developer";
				INFOPLIST_FILE = "castle royal/Info.plist";
				IPHONEOS_DEPLOYMENT_TARGET = 8.4;
				LD_RUNPATH_SEARCH_PATHS = "$(inherited) @executable_path/Frameworks";
				PRODUCT_BUNDLE_IDENTIFIER = "com.z-zero.castle-royal";
				PRODUCT_NAME = "$(TARGET_NAME)";
				PROVISIONING_PROFILE = "";
				TARGETED_DEVICE_FAMILY = "1,2";
			};
			name = Debug;
		};
		88E54D831D3921B0007443E7 /* Release */ = {
			isa = XCBuildConfiguration;
			buildSettings = {
				ASSETCATALOG_COMPILER_APPICON_NAME = AppIcon;
				CODE_SIGN_IDENTITY = "iPhone Developer";
				"CODE_SIGN_IDENTITY[sdk=iphoneos*]" = "iPhone Developer";
				INFOPLIST_FILE = "castle royal/Info.plist";
				IPHONEOS_DEPLOYMENT_TARGET = 8.4;
				LD_RUNPATH_SEARCH_PATHS = "$(inherited) @executable_path/Frameworks";
				PRODUCT_BUNDLE_IDENTIFIER = "com.z-zero.castle-royal";
				PRODUCT_NAME = "$(TARGET_NAME)";
				PROVISIONING_PROFILE = "";
				TARGETED_DEVICE_FAMILY = "1,2";
			};
			name = Release;
		};
/* End XCBuildConfiguration section */

/* Begin XCConfigurationList section */
		88E54D661D3921B0007443E7 /* Build configuration list for PBXProject "castle royal" */ = {
			isa = XCConfigurationList;
			buildConfigurations = (
				88E54D7F1D3921B0007443E7 /* Debug */,
				88E54D801D3921B0007443E7 /* Release */,
			);
			defaultConfigurationIsVisible = 0;
			defaultConfigurationName = Release;
		};
		88E54D811D3921B0007443E7 /* Build configuration list for PBXNativeTarget "castle royal" */ = {
			isa = XCConfigurationList;
			buildConfigurations = (
				88E54D821D3921B0007443E7 /* Debug */,
				88E54D831D3921B0007443E7 /* Release */,
			);
			defaultConfigurationIsVisible = 0;
			defaultConfigurationName = Release;
		};
/* End XCConfigurationList section */
	};
	rootObject = 88E54D631D3921B0007443E7 /* Project object */;
}
